// !$*UTF8*$!
{
	archiveVersion = 1;
	classes = {
	};
	objectVersion = 50;
	objects = {

/* Begin PBXBuildFile section */
		39606C6820D22EEE006A4E90 /* HomeViewController.swift in Sources */ = {isa = PBXBuildFile; fileRef = 39606C6720D22EEE006A4E90 /* HomeViewController.swift */; };
		39606C6A20D317CE006A4E90 /* profileViewController.swift in Sources */ = {isa = PBXBuildFile; fileRef = 39606C6920D317CE006A4E90 /* profileViewController.swift */; };
		39606C6C20D32F5A006A4E90 /* Assets.xcassets in Resources */ = {isa = PBXBuildFile; fileRef = 39606C6B20D32F5A006A4E90 /* Assets.xcassets */; };
		39606C6E20D35AB6006A4E90 /* editProfileViewController.swift in Sources */ = {isa = PBXBuildFile; fileRef = 39606C6D20D35AB6006A4E90 /* editProfileViewController.swift */; };
		3968B36820D1B47C004EFEF8 /* AppDelegate.swift in Sources */ = {isa = PBXBuildFile; fileRef = 3968B36720D1B47C004EFEF8 /* AppDelegate.swift */; };
		3968B36A20D1B47C004EFEF8 /* ViewController.swift in Sources */ = {isa = PBXBuildFile; fileRef = 3968B36920D1B47C004EFEF8 /* ViewController.swift */; };
		3968B36D20D1B47C004EFEF8 /* Main.storyboard in Resources */ = {isa = PBXBuildFile; fileRef = 3968B36B20D1B47C004EFEF8 /* Main.storyboard */; };
		3968B37220D1B47F004EFEF8 /* LaunchScreen.storyboard in Resources */ = {isa = PBXBuildFile; fileRef = 3968B37020D1B47F004EFEF8 /* LaunchScreen.storyboard */; };
		3968B37C20D1B670004EFEF8 /* GoogleService-Info.plist in Resources */ = {isa = PBXBuildFile; fileRef = 3968B37B20D1B670004EFEF8 /* GoogleService-Info.plist */; };
		39ECC8FD20D21078008781BE /* registerViewController.swift in Sources */ = {isa = PBXBuildFile; fileRef = 39ECC8FC20D21078008781BE /* registerViewController.swift */; };
		39FBAEA920D1BD0E00FFE1EA /* Cocogoose Pro-trial.ttf in Resources */ = {isa = PBXBuildFile; fileRef = 39FBAEA820D1BD0E00FFE1EA /* Cocogoose Pro-trial.ttf */; };
		990218D69FC47CE788CDFA47 /* Pods_playlistapp.framework in Frameworks */ = {isa = PBXBuildFile; fileRef = 6E0DA5A820E16E7DEB067AE7 /* Pods_playlistapp.framework */; };
/* End PBXBuildFile section */

/* Begin PBXFileReference section */
		39606C6720D22EEE006A4E90 /* HomeViewController.swift */ = {isa = PBXFileReference; fileEncoding = 4; lastKnownFileType = sourcecode.swift; path = HomeViewController.swift; sourceTree = "<group>"; };
		39606C6920D317CE006A4E90 /* profileViewController.swift */ = {isa = PBXFileReference; lastKnownFileType = sourcecode.swift; path = profileViewController.swift; sourceTree = "<group>"; };
		39606C6B20D32F5A006A4E90 /* Assets.xcassets */ = {isa = PBXFileReference; lastKnownFileType = folder.assetcatalog; path = Assets.xcassets; sourceTree = "<group>"; };
		39606C6D20D35AB6006A4E90 /* editProfileViewController.swift */ = {isa = PBXFileReference; lastKnownFileType = sourcecode.swift; path = editProfileViewController.swift; sourceTree = "<group>"; };
		3968B36420D1B47C004EFEF8 /* playlistapp.app */ = {isa = PBXFileReference; explicitFileType = wrapper.application; includeInIndex = 0; path = playlistapp.app; sourceTree = BUILT_PRODUCTS_DIR; };
		3968B36720D1B47C004EFEF8 /* AppDelegate.swift */ = {isa = PBXFileReference; lastKnownFileType = sourcecode.swift; path = AppDelegate.swift; sourceTree = "<group>"; };
		3968B36920D1B47C004EFEF8 /* ViewController.swift */ = {isa = PBXFileReference; lastKnownFileType = sourcecode.swift; path = ViewController.swift; sourceTree = "<group>"; };
		3968B36C20D1B47C004EFEF8 /* Base */ = {isa = PBXFileReference; lastKnownFileType = file.storyboard; name = Base; path = Base.lproj/Main.storyboard; sourceTree = "<group>"; };
		3968B37120D1B47F004EFEF8 /* Base */ = {isa = PBXFileReference; lastKnownFileType = file.storyboard; name = Base; path = Base.lproj/LaunchScreen.storyboard; sourceTree = "<group>"; };
		3968B37320D1B47F004EFEF8 /* Info.plist */ = {isa = PBXFileReference; lastKnownFileType = text.plist.xml; path = Info.plist; sourceTree = "<group>"; };
		3968B37B20D1B670004EFEF8 /* GoogleService-Info.plist */ = {isa = PBXFileReference; fileEncoding = 4; lastKnownFileType = text.plist.xml; path = "GoogleService-Info.plist"; sourceTree = "<group>"; };
		39ECC8FC20D21078008781BE /* registerViewController.swift */ = {isa = PBXFileReference; lastKnownFileType = sourcecode.swift; path = registerViewController.swift; sourceTree = "<group>"; };
		39FBAEA820D1BD0E00FFE1EA /* Cocogoose Pro-trial.ttf */ = {isa = PBXFileReference; lastKnownFileType = file; path = "Cocogoose Pro-trial.ttf"; sourceTree = "<group>"; };
		6E0DA5A820E16E7DEB067AE7 /* Pods_playlistapp.framework */ = {isa = PBXFileReference; explicitFileType = wrapper.framework; includeInIndex = 0; path = Pods_playlistapp.framework; sourceTree = BUILT_PRODUCTS_DIR; };
		B1B35F2667A718E42B633A61 /* Pods-playlistapp.release.xcconfig */ = {isa = PBXFileReference; includeInIndex = 1; lastKnownFileType = text.xcconfig; name = "Pods-playlistapp.release.xcconfig"; path = "Pods/Target Support Files/Pods-playlistapp/Pods-playlistapp.release.xcconfig"; sourceTree = "<group>"; };
		D81DD8C13194E8AF224C9E5F /* Pods-playlistapp.debug.xcconfig */ = {isa = PBXFileReference; includeInIndex = 1; lastKnownFileType = text.xcconfig; name = "Pods-playlistapp.debug.xcconfig"; path = "Pods/Target Support Files/Pods-playlistapp/Pods-playlistapp.debug.xcconfig"; sourceTree = "<group>"; };
/* End PBXFileReference section */

/* Begin PBXFrameworksBuildPhase section */
		3968B36120D1B47C004EFEF8 /* Frameworks */ = {
			isa = PBXFrameworksBuildPhase;
			buildActionMask = 2147483647;
			files = (
				990218D69FC47CE788CDFA47 /* Pods_playlistapp.framework in Frameworks */,
			);
			runOnlyForDeploymentPostprocessing = 0;
		};
/* End PBXFrameworksBuildPhase section */

/* Begin PBXGroup section */
		3968B35B20D1B47C004EFEF8 = {
			isa = PBXGroup;
			children = (
				3968B36620D1B47C004EFEF8 /* playlistapp */,
				3968B36520D1B47C004EFEF8 /* Products */,
				8BF26C7EAB7E3112DEF29022 /* Pods */,
				A782844CD2E7EFD6554402E9 /* Frameworks */,
			);
			sourceTree = "<group>";
		};
		3968B36520D1B47C004EFEF8 /* Products */ = {
			isa = PBXGroup;
			children = (
				3968B36420D1B47C004EFEF8 /* playlistapp.app */,
			);
			name = Products;
			sourceTree = "<group>";
		};
		3968B36620D1B47C004EFEF8 /* playlistapp */ = {
			isa = PBXGroup;
			children = (
				39FBAEA820D1BD0E00FFE1EA /* Cocogoose Pro-trial.ttf */,
				3968B36720D1B47C004EFEF8 /* AppDelegate.swift */,
				3968B36920D1B47C004EFEF8 /* ViewController.swift */,
				39606C6720D22EEE006A4E90 /* HomeViewController.swift */,
				39ECC8FC20D21078008781BE /* registerViewController.swift */,
				3968B36B20D1B47C004EFEF8 /* Main.storyboard */,
				39606C6D20D35AB6006A4E90 /* editProfileViewController.swift */,
				39606C6B20D32F5A006A4E90 /* Assets.xcassets */,
				39606C6920D317CE006A4E90 /* profileViewController.swift */,
				3968B37020D1B47F004EFEF8 /* LaunchScreen.storyboard */,
				3968B37B20D1B670004EFEF8 /* GoogleService-Info.plist */,
				3968B37320D1B47F004EFEF8 /* Info.plist */,
			);
			path = playlistapp;
			sourceTree = "<group>";
		};
		8BF26C7EAB7E3112DEF29022 /* Pods */ = {
			isa = PBXGroup;
			children = (
				D81DD8C13194E8AF224C9E5F /* Pods-playlistapp.debug.xcconfig */,
				B1B35F2667A718E42B633A61 /* Pods-playlistapp.release.xcconfig */,
			);
			name = Pods;
			sourceTree = "<group>";
		};
		A782844CD2E7EFD6554402E9 /* Frameworks */ = {
			isa = PBXGroup;
			children = (
				6E0DA5A820E16E7DEB067AE7 /* Pods_playlistapp.framework */,
			);
			name = Frameworks;
			sourceTree = "<group>";
		};
/* End PBXGroup section */

/* Begin PBXNativeTarget section */
		3968B36320D1B47C004EFEF8 /* playlistapp */ = {
			isa = PBXNativeTarget;
			buildConfigurationList = 3968B37620D1B47F004EFEF8 /* Build configuration list for PBXNativeTarget "playlistapp" */;
			buildPhases = (
				77CFCFA191EB24C051E2617A /* [CP] Check Pods Manifest.lock */,
				3968B36020D1B47C004EFEF8 /* Sources */,
				3968B36120D1B47C004EFEF8 /* Frameworks */,
				3968B36220D1B47C004EFEF8 /* Resources */,
				6C857F13D704E5A7C31912A5 /* [CP] Embed Pods Frameworks */,
			);
			buildRules = (
			);
			dependencies = (
			);
			name = playlistapp;
			productName = playlistapp;
			productReference = 3968B36420D1B47C004EFEF8 /* playlistapp.app */;
			productType = "com.apple.product-type.application";
		};
/* End PBXNativeTarget section */

/* Begin PBXProject section */
		3968B35C20D1B47C004EFEF8 /* Project object */ = {
			isa = PBXProject;
			attributes = {
				LastSwiftUpdateCheck = 0940;
				LastUpgradeCheck = 0940;
				ORGANIZATIONNAME = "Hannah Li";
				TargetAttributes = {
					3968B36320D1B47C004EFEF8 = {
						CreatedOnToolsVersion = 9.4;
					};
				};
			};
			buildConfigurationList = 3968B35F20D1B47C004EFEF8 /* Build configuration list for PBXProject "playlistapp" */;
			compatibilityVersion = "Xcode 9.3";
			developmentRegion = en;
			hasScannedForEncodings = 0;
			knownRegions = (
				en,
				Base,
			);
			mainGroup = 3968B35B20D1B47C004EFEF8;
			productRefGroup = 3968B36520D1B47C004EFEF8 /* Products */;
			projectDirPath = "";
			projectRoot = "";
			targets = (
				3968B36320D1B47C004EFEF8 /* playlistapp */,
			);
		};
/* End PBXProject section */

/* Begin PBXResourcesBuildPhase section */
		3968B36220D1B47C004EFEF8 /* Resources */ = {
			isa = PBXResourcesBuildPhase;
			buildActionMask = 2147483647;
			files = (
				3968B37220D1B47F004EFEF8 /* LaunchScreen.storyboard in Resources */,
				3968B37C20D1B670004EFEF8 /* GoogleService-Info.plist in Resources */,
				3968B36D20D1B47C004EFEF8 /* Main.storyboard in Resources */,
				39FBAEA920D1BD0E00FFE1EA /* Cocogoose Pro-trial.ttf in Resources */,
				39606C6C20D32F5A006A4E90 /* Assets.xcassets in Resources */,
			);
			runOnlyForDeploymentPostprocessing = 0;
		};
/* End PBXResourcesBuildPhase section */

/* Begin PBXShellScriptBuildPhase section */
		6C857F13D704E5A7C31912A5 /* [CP] Embed Pods Frameworks */ = {
			isa = PBXShellScriptBuildPhase;
			buildActionMask = 2147483647;
			files = (
			);
			inputPaths = (
				"${SRCROOT}/Pods/Target Support Files/Pods-playlistapp/Pods-playlistapp-frameworks.sh",
				"${BUILT_PRODUCTS_DIR}/GTMSessionFetcher/GTMSessionFetcher.framework",
				"${BUILT_PRODUCTS_DIR}/GoogleToolboxForMac/GoogleToolboxForMac.framework",
				"${BUILT_PRODUCTS_DIR}/SwiftKeychainWrapper/SwiftKeychainWrapper.framework",
				"${BUILT_PRODUCTS_DIR}/leveldb-library/leveldb.framework",
				"${BUILT_PRODUCTS_DIR}/nanopb/nanopb.framework",
			);
			name = "[CP] Embed Pods Frameworks";
			outputPaths = (
				"${TARGET_BUILD_DIR}/${FRAMEWORKS_FOLDER_PATH}/GTMSessionFetcher.framework",
				"${TARGET_BUILD_DIR}/${FRAMEWORKS_FOLDER_PATH}/GoogleToolboxForMac.framework",
				"${TARGET_BUILD_DIR}/${FRAMEWORKS_FOLDER_PATH}/SwiftKeychainWrapper.framework",
				"${TARGET_BUILD_DIR}/${FRAMEWORKS_FOLDER_PATH}/leveldb.framework",
				"${TARGET_BUILD_DIR}/${FRAMEWORKS_FOLDER_PATH}/nanopb.framework",
			);
			runOnlyForDeploymentPostprocessing = 0;
			shellPath = /bin/sh;
			shellScript = "\"${SRCROOT}/Pods/Target Support Files/Pods-playlistapp/Pods-playlistapp-frameworks.sh\"\n";
			showEnvVarsInLog = 0;
		};
		77CFCFA191EB24C051E2617A /* [CP] Check Pods Manifest.lock */ = {
			isa = PBXShellScriptBuildPhase;
			buildActionMask = 2147483647;
			files = (
			);
			inputPaths = (
				"${PODS_PODFILE_DIR_PATH}/Podfile.lock",
				"${PODS_ROOT}/Manifest.lock",
			);
			name = "[CP] Check Pods Manifest.lock";
			outputPaths = (
				"$(DERIVED_FILE_DIR)/Pods-playlistapp-checkManifestLockResult.txt",
			);
			runOnlyForDeploymentPostprocessing = 0;
			shellPath = /bin/sh;
			shellScript = "diff \"${PODS_PODFILE_DIR_PATH}/Podfile.lock\" \"${PODS_ROOT}/Manifest.lock\" > /dev/null\nif [ $? != 0 ] ; then\n    # print error to STDERR\n    echo \"error: The sandbox is not in sync with the Podfile.lock. Run 'pod install' or update your CocoaPods installation.\" >&2\n    exit 1\nfi\n# This output is used by Xcode 'outputs' to avoid re-running this script phase.\necho \"SUCCESS\" > \"${SCRIPT_OUTPUT_FILE_0}\"\n";
			showEnvVarsInLog = 0;
		};
/* End PBXShellScriptBuildPhase section */

/* Begin PBXSourcesBuildPhase section */
		3968B36020D1B47C004EFEF8 /* Sources */ = {
			isa = PBXSourcesBuildPhase;
			buildActionMask = 2147483647;
			files = (
				39ECC8FD20D21078008781BE /* registerViewController.swift in Sources */,
				3968B36A20D1B47C004EFEF8 /* ViewController.swift in Sources */,
				39606C6E20D35AB6006A4E90 /* editProfileViewController.swift in Sources */,
				3968B36820D1B47C004EFEF8 /* AppDelegate.swift in Sources */,
				39606C6A20D317CE006A4E90 /* profileViewController.swift in Sources */,
				39606C6820D22EEE006A4E90 /* HomeViewController.swift in Sources */,
			);
			runOnlyForDeploymentPostprocessing = 0;
		};
/* End PBXSourcesBuildPhase section */

/* Begin PBXVariantGroup section */
		3968B36B20D1B47C004EFEF8 /* Main.storyboard */ = {
			isa = PBXVariantGroup;
			children = (
				3968B36C20D1B47C004EFEF8 /* Base */,
			);
			name = Main.storyboard;
			sourceTree = "<group>";
		};
		3968B37020D1B47F004EFEF8 /* LaunchScreen.storyboard */ = {
			isa = PBXVariantGroup;
			children = (
				3968B37120D1B47F004EFEF8 /* Base */,
			);
			name = LaunchScreen.storyboard;
			sourceTree = "<group>";
		};
/* End PBXVariantGroup section */

/* Begin XCBuildConfiguration section */
		3968B37420D1B47F004EFEF8 /* Debug */ = {
			isa = XCBuildConfiguration;
			buildSettings = {
				ALWAYS_SEARCH_USER_PATHS = NO;
				CLANG_ANALYZER_NONNULL = YES;
				CLANG_ANALYZER_NUMBER_OBJECT_CONVERSION = YES_AGGRESSIVE;
				CLANG_CXX_LANGUAGE_STANDARD = "gnu++14";
				CLANG_CXX_LIBRARY = "libc++";
				CLANG_ENABLE_MODULES = YES;
				CLANG_ENABLE_OBJC_ARC = YES;
				CLANG_ENABLE_OBJC_WEAK = YES;
				CLANG_WARN_BLOCK_CAPTURE_AUTORELEASING = YES;
				CLANG_WARN_BOOL_CONVERSION = YES;
				CLANG_WARN_COMMA = YES;
				CLANG_WARN_CONSTANT_CONVERSION = YES;
				CLANG_WARN_DEPRECATED_OBJC_IMPLEMENTATIONS = YES;
				CLANG_WARN_DIRECT_OBJC_ISA_USAGE = YES_ERROR;
				CLANG_WARN_DOCUMENTATION_COMMENTS = YES;
				CLANG_WARN_EMPTY_BODY = YES;
				CLANG_WARN_ENUM_CONVERSION = YES;
				CLANG_WARN_INFINITE_RECURSION = YES;
				CLANG_WARN_INT_CONVERSION = YES;
				CLANG_WARN_NON_LITERAL_NULL_CONVERSION = YES;
				CLANG_WARN_OBJC_IMPLICIT_RETAIN_SELF = YES;
				CLANG_WARN_OBJC_LITERAL_CONVERSION = YES;
				CLANG_WARN_OBJC_ROOT_CLASS = YES_ERROR;
				CLANG_WARN_RANGE_LOOP_ANALYSIS = YES;
				CLANG_WARN_STRICT_PROTOTYPES = YES;
				CLANG_WARN_SUSPICIOUS_MOVE = YES;
				CLANG_WARN_UNGUARDED_AVAILABILITY = YES_AGGRESSIVE;
				CLANG_WARN_UNREACHABLE_CODE = YES;
				CLANG_WARN__DUPLICATE_METHOD_MATCH = YES;
				CODE_SIGN_IDENTITY = "iPhone Developer";
				COPY_PHASE_STRIP = NO;
				DEBUG_INFORMATION_FORMAT = dwarf;
				ENABLE_STRICT_OBJC_MSGSEND = YES;
				ENABLE_TESTABILITY = YES;
				GCC_C_LANGUAGE_STANDARD = gnu11;
				GCC_DYNAMIC_NO_PIC = NO;
				GCC_NO_COMMON_BLOCKS = YES;
				GCC_OPTIMIZATION_LEVEL = 0;
				GCC_PREPROCESSOR_DEFINITIONS = (
					"DEBUG=1",
					"$(inherited)",
				);
				GCC_WARN_64_TO_32_BIT_CONVERSION = YES;
				GCC_WARN_ABOUT_RETURN_TYPE = YES_ERROR;
				GCC_WARN_UNDECLARED_SELECTOR = YES;
				GCC_WARN_UNINITIALIZED_AUTOS = YES_AGGRESSIVE;
				GCC_WARN_UNUSED_FUNCTION = YES;
				GCC_WARN_UNUSED_VARIABLE = YES;
				IPHONEOS_DEPLOYMENT_TARGET = 11.4;
				MTL_ENABLE_DEBUG_INFO = YES;
				ONLY_ACTIVE_ARCH = YES;
				SDKROOT = iphoneos;
				SWIFT_ACTIVE_COMPILATION_CONDITIONS = DEBUG;
				SWIFT_OPTIMIZATION_LEVEL = "-Onone";
			};
			name = Debug;
		};
		3968B37520D1B47F004EFEF8 /* Release */ = {
			isa = XCBuildConfiguration;
			buildSettings = {
				ALWAYS_SEARCH_USER_PATHS = NO;
				CLANG_ANALYZER_NONNULL = YES;
				CLANG_ANALYZER_NUMBER_OBJECT_CONVERSION = YES_AGGRESSIVE;
				CLANG_CXX_LANGUAGE_STANDARD = "gnu++14";
				CLANG_CXX_LIBRARY = "libc++";
				CLANG_ENABLE_MODULES = YES;
				CLANG_ENABLE_OBJC_ARC = YES;
				CLANG_ENABLE_OBJC_WEAK = YES;
				CLANG_WARN_BLOCK_CAPTURE_AUTORELEASING = YES;
				CLANG_WARN_BOOL_CONVERSION = YES;
				CLANG_WARN_COMMA = YES;
				CLANG_WARN_CONSTANT_CONVERSION = YES;
				CLANG_WARN_DEPRECATED_OBJC_IMPLEMENTATIONS = YES;
				CLANG_WARN_DIRECT_OBJC_ISA_USAGE = YES_ERROR;
				CLANG_WARN_DOCUMENTATION_COMMENTS = YES;
				CLANG_WARN_EMPTY_BODY = YES;
				CLANG_WARN_ENUM_CONVERSION = YES;
				CLANG_WARN_INFINITE_RECURSION = YES;
				CLANG_WARN_INT_CONVERSION = YES;
				CLANG_WARN_NON_LITERAL_NULL_CONVERSION = YES;
				CLANG_WARN_OBJC_IMPLICIT_RETAIN_SELF = YES;
				CLANG_WARN_OBJC_LITERAL_CONVERSION = YES;
				CLANG_WARN_OBJC_ROOT_CLASS = YES_ERROR;
				CLANG_WARN_RANGE_LOOP_ANALYSIS = YES;
				CLANG_WARN_STRICT_PROTOTYPES = YES;
				CLANG_WARN_SUSPICIOUS_MOVE = YES;
				CLANG_WARN_UNGUARDED_AVAILABILITY = YES_AGGRESSIVE;
				CLANG_WARN_UNREACHABLE_CODE = YES;
				CLANG_WARN__DUPLICATE_METHOD_MATCH = YES;
				CODE_SIGN_IDENTITY = "iPhone Developer";
				COPY_PHASE_STRIP = NO;
				DEBUG_INFORMATION_FORMAT = "dwarf-with-dsym";
				ENABLE_NS_ASSERTIONS = NO;
				ENABLE_STRICT_OBJC_MSGSEND = YES;
				GCC_C_LANGUAGE_STANDARD = gnu11;
				GCC_NO_COMMON_BLOCKS = YES;
				GCC_WARN_64_TO_32_BIT_CONVERSION = YES;
				GCC_WARN_ABOUT_RETURN_TYPE = YES_ERROR;
				GCC_WARN_UNDECLARED_SELECTOR = YES;
				GCC_WARN_UNINITIALIZED_AUTOS = YES_AGGRESSIVE;
				GCC_WARN_UNUSED_FUNCTION = YES;
				GCC_WARN_UNUSED_VARIABLE = YES;
				IPHONEOS_DEPLOYMENT_TARGET = 11.4;
				MTL_ENABLE_DEBUG_INFO = NO;
				SDKROOT = iphoneos;
				SWIFT_COMPILATION_MODE = wholemodule;
				SWIFT_OPTIMIZATION_LEVEL = "-O";
				VALIDATE_PRODUCT = YES;
			};
			name = Release;
		};
		3968B37720D1B47F004EFEF8 /* Debug */ = {
			isa = XCBuildConfiguration;
			baseConfigurationReference = D81DD8C13194E8AF224C9E5F /* Pods-playlistapp.debug.xcconfig */;
			buildSettings = {
				ASSETCATALOG_COMPILER_APPICON_NAME = AppIcon;
				CODE_SIGN_STYLE = Automatic;
				DEVELOPMENT_TEAM = 2K69DZ88QL;
				INFOPLIST_FILE = playlistapp/Info.plist;
				LD_RUNPATH_SEARCH_PATHS = (
					"$(inherited)",
					"@executable_path/Frameworks",
				);
				PRODUCT_BUNDLE_IDENTIFIER = com.hannahli.playlistapp;
				PRODUCT_NAME = "$(TARGET_NAME)";
				SWIFT_VERSION = 4.0;
				TARGETED_DEVICE_FAMILY = "1,2";
			};
			name = Debug;
		};
		3968B37820D1B47F004EFEF8 /* Release */ = {
			isa = XCBuildConfiguration;
			baseConfigurationReference = B1B35F2667A718E42B633A61 /* Pods-playlistapp.release.xcconfig */;
			buildSettings = {
				ASSETCATALOG_COMPILER_APPICON_NAME = AppIcon;
				CODE_SIGN_STYLE = Automatic;
				DEVELOPMENT_TEAM = 2K69DZ88QL;
				INFOPLIST_FILE = playlistapp/Info.plist;
				LD_RUNPATH_SEARCH_PATHS = (
					"$(inherited)",
					"@executable_path/Frameworks",
				);
				PRODUCT_BUNDLE_IDENTIFIER = com.hannahli.playlistapp;
				PRODUCT_NAME = "$(TARGET_NAME)";
				SWIFT_VERSION = 4.0;
				TARGETED_DEVICE_FAMILY = "1,2";
			};
			name = Release;
		};
/* End XCBuildConfiguration section */

/* Begin XCConfigurationList section */
		3968B35F20D1B47C004EFEF8 /* Build configuration list for PBXProject "playlistapp" */ = {
			isa = XCConfigurationList;
			buildConfigurations = (
				3968B37420D1B47F004EFEF8 /* Debug */,
				3968B37520D1B47F004EFEF8 /* Release */,
			);
			defaultConfigurationIsVisible = 0;
			defaultConfigurationName = Release;
		};
		3968B37620D1B47F004EFEF8 /* Build configuration list for PBXNativeTarget "playlistapp" */ = {
			isa = XCConfigurationList;
			buildConfigurations = (
				3968B37720D1B47F004EFEF8 /* Debug */,
				3968B37820D1B47F004EFEF8 /* Release */,
			);
			defaultConfigurationIsVisible = 0;
			defaultConfigurationName = Release;
		};
/* End XCConfigurationList section */
	};
	rootObject = 3968B35C20D1B47C004EFEF8 /* Project object */;
}
